// !$*UTF8*$!
{
	archiveVersion = 1;
	classes = {
	};
	objectVersion = 46;
	objects = {

/* Begin PBXBuildFile section */
		659D617516ADEB4B00E43C2A /* Cocoa.framework in Frameworks */ = {isa = PBXBuildFile; fileRef = 659D617416ADEB4B00E43C2A /* Cocoa.framework */; };
		659D617F16ADEB4B00E43C2A /* JMPlayer.m in Sources */ = {isa = PBXBuildFile; fileRef = 659D617E16ADEB4B00E43C2A /* JMPlayer.m */; };
		659D618616ADF2C900E43C2A /* jni.h in Headers */ = {isa = PBXBuildFile; fileRef = 659D618516ADF2C900E43C2A /* jni.h */; };
		659D619616AE1E8F00E43C2A /* FullscreenControls.h in Headers */ = {isa = PBXBuildFile; fileRef = 659D618D16AE1E8F00E43C2A /* FullscreenControls.h */; };
		659D619716AE1E8F00E43C2A /* FullscreenControls.m in Sources */ = {isa = PBXBuildFile; fileRef = 659D618E16AE1E8F00E43C2A /* FullscreenControls.m */; };
		659D619816AE1E8F00E43C2A /* ProgressSlider.h in Headers */ = {isa = PBXBuildFile; fileRef = 659D618F16AE1E8F00E43C2A /* ProgressSlider.h */; };
		659D619916AE1E8F00E43C2A /* ProgressSlider.m in Sources */ = {isa = PBXBuildFile; fileRef = 659D619016AE1E8F00E43C2A /* ProgressSlider.m */; };
		659D619A16AE1E8F00E43C2A /* Protocols.h in Headers */ = {isa = PBXBuildFile; fileRef = 659D619116AE1E8F00E43C2A /* Protocols.h */; };
		659D619B16AE1E8F00E43C2A /* StartEndSliderCell.h in Headers */ = {isa = PBXBuildFile; fileRef = 659D619216AE1E8F00E43C2A /* StartEndSliderCell.h */; };
		659D619C16AE1E8F00E43C2A /* StartEndSliderCell.m in Sources */ = {isa = PBXBuildFile; fileRef = 659D619316AE1E8F00E43C2A /* StartEndSliderCell.m */; };
		659D619D16AE1E8F00E43C2A /* VolumeSlider.h in Headers */ = {isa = PBXBuildFile; fileRef = 659D619416AE1E8F00E43C2A /* VolumeSlider.h */; };
		659D619E16AE1E8F00E43C2A /* VolumeSlider.m in Sources */ = {isa = PBXBuildFile; fileRef = 659D619516AE1E8F00E43C2A /* VolumeSlider.m */; };
		659D61AB16AE1EAC00E43C2A /* CocoaAdditions.h in Headers */ = {isa = PBXBuildFile; fileRef = 659D619F16AE1EAC00E43C2A /* CocoaAdditions.h */; };
		659D61AC16AE1EAC00E43C2A /* CocoaAdditions.m in Sources */ = {isa = PBXBuildFile; fileRef = 659D61A016AE1EAC00E43C2A /* CocoaAdditions.m */; };
		659D61AD16AE1EAC00E43C2A /* Debug.h in Headers */ = {isa = PBXBuildFile; fileRef = 659D61A116AE1EAC00E43C2A /* Debug.h */; };
		659D61AE16AE1EAC00E43C2A /* Debug.m in Sources */ = {isa = PBXBuildFile; fileRef = 659D61A216AE1EAC00E43C2A /* Debug.m */; };
		659D61AF16AE1EAC00E43C2A /* jni_md.h in Headers */ = {isa = PBXBuildFile; fileRef = 659D61A316AE1EAC00E43C2A /* jni_md.h */; };
		659D61B216AE1EAC00E43C2A /* MPlayerVideoRenderer.h in Headers */ = {isa = PBXBuildFile; fileRef = 659D61A616AE1EAC00E43C2A /* MPlayerVideoRenderer.h */; };
		659D61B316AE1EAC00E43C2A /* MPlayerVideoRenderer.m in Sources */ = {isa = PBXBuildFile; fileRef = 659D61A716AE1EAC00E43C2A /* MPlayerVideoRenderer.m */; };
		659D61B416AE1EAC00E43C2A /* PlayerFullscreenWindow.h in Headers */ = {isa = PBXBuildFile; fileRef = 659D61A916AE1EAC00E43C2A /* PlayerFullscreenWindow.h */; };
		659D61B516AE1EAC00E43C2A /* PlayerFullscreenWindow.m in Sources */ = {isa = PBXBuildFile; fileRef = 659D61AA16AE1EAC00E43C2A /* PlayerFullscreenWindow.m */; };
		659D61B716AE21F600E43C2A /* OpenGL.framework in Frameworks */ = {isa = PBXBuildFile; fileRef = 659D61B616AE21F600E43C2A /* OpenGL.framework */; };
		659D61B916AE220F00E43C2A /* CoreVideo.framework in Frameworks */ = {isa = PBXBuildFile; fileRef = 659D61B816AE220E00E43C2A /* CoreVideo.framework */; };
		659D61C316B07C2900E43C2A /* Carbon.framework in Frameworks */ = {isa = PBXBuildFile; fileRef = 659D61C216B07C2900E43C2A /* Carbon.framework */; };
		659D61D216B099AF00E43C2A /* OwnerWrapper.h in Headers */ = {isa = PBXBuildFile; fileRef = 659D61D016B099AF00E43C2A /* OwnerWrapper.h */; };
		659D61D316B099AF00E43C2A /* OwnerWrapper.m in Sources */ = {isa = PBXBuildFile; fileRef = 659D61D116B099AF00E43C2A /* OwnerWrapper.m */; };
/* End PBXBuildFile section */

/* Begin PBXFileReference section */
		659D617116ADEB4B00E43C2A /* libJMPlayer.dylib */ = {isa = PBXFileReference; explicitFileType = "compiled.mach-o.dylib"; includeInIndex = 0; path = libJMPlayer.dylib; sourceTree = BUILT_PRODUCTS_DIR; };
		659D617416ADEB4B00E43C2A /* Cocoa.framework */ = {isa = PBXFileReference; lastKnownFileType = wrapper.framework; name = Cocoa.framework; path = System/Library/Frameworks/Cocoa.framework; sourceTree = SDKROOT; };
		659D617716ADEB4B00E43C2A /* AppKit.framework */ = {isa = PBXFileReference; lastKnownFileType = wrapper.framework; name = AppKit.framework; path = System/Library/Frameworks/AppKit.framework; sourceTree = SDKROOT; };
		659D617816ADEB4B00E43C2A /* CoreData.framework */ = {isa = PBXFileReference; lastKnownFileType = wrapper.framework; name = CoreData.framework; path = System/Library/Frameworks/CoreData.framework; sourceTree = SDKROOT; };
		659D617916ADEB4B00E43C2A /* Foundation.framework */ = {isa = PBXFileReference; lastKnownFileType = wrapper.framework; name = Foundation.framework; path = System/Library/Frameworks/Foundation.framework; sourceTree = SDKROOT; };
		659D617D16ADEB4B00E43C2A /* JMPlayer.h */ = {isa = PBXFileReference; lastKnownFileType = sourcecode.c.h; path = JMPlayer.h; sourceTree = "<group>"; };
		659D617E16ADEB4B00E43C2A /* JMPlayer.m */ = {isa = PBXFileReference; lastKnownFileType = sourcecode.c.objc; path = JMPlayer.m; sourceTree = "<group>"; };
		659D618516ADF2C900E43C2A /* jni.h */ = {isa = PBXFileReference; fileEncoding = 4; lastKnownFileType = sourcecode.c.h; path = jni.h; sourceTree = "<group>"; };
		659D618D16AE1E8F00E43C2A /* FullscreenControls.h */ = {isa = PBXFileReference; fileEncoding = 4; lastKnownFileType = sourcecode.c.h; path = FullscreenControls.h; sourceTree = "<group>"; };
		659D618E16AE1E8F00E43C2A /* FullscreenControls.m */ = {isa = PBXFileReference; fileEncoding = 4; lastKnownFileType = sourcecode.c.objc; path = FullscreenControls.m; sourceTree = "<group>"; };
		659D618F16AE1E8F00E43C2A /* ProgressSlider.h */ = {isa = PBXFileReference; fileEncoding = 4; lastKnownFileType = sourcecode.c.h; path = ProgressSlider.h; sourceTree = "<group>"; };
		659D619016AE1E8F00E43C2A /* ProgressSlider.m */ = {isa = PBXFileReference; fileEncoding = 4; lastKnownFileType = sourcecode.c.objc; path = ProgressSlider.m; sourceTree = "<group>"; };
		659D619116AE1E8F00E43C2A /* Protocols.h */ = {isa = PBXFileReference; fileEncoding = 4; lastKnownFileType = sourcecode.c.h; path = Protocols.h; sourceTree = "<group>"; };
		659D619216AE1E8F00E43C2A /* StartEndSliderCell.h */ = {isa = PBXFileReference; fileEncoding = 4; lastKnownFileType = sourcecode.c.h; path = StartEndSliderCell.h; sourceTree = "<group>"; };
		659D619316AE1E8F00E43C2A /* StartEndSliderCell.m */ = {isa = PBXFileReference; fileEncoding = 4; lastKnownFileType = sourcecode.c.objc; path = StartEndSliderCell.m; sourceTree = "<group>"; };
		659D619416AE1E8F00E43C2A /* VolumeSlider.h */ = {isa = PBXFileReference; fileEncoding = 4; lastKnownFileType = sourcecode.c.h; path = VolumeSlider.h; sourceTree = "<group>"; };
		659D619516AE1E8F00E43C2A /* VolumeSlider.m */ = {isa = PBXFileReference; fileEncoding = 4; lastKnownFileType = sourcecode.c.objc; path = VolumeSlider.m; sourceTree = "<group>"; };
		659D619F16AE1EAC00E43C2A /* CocoaAdditions.h */ = {isa = PBXFileReference; fileEncoding = 4; lastKnownFileType = sourcecode.c.h; path = CocoaAdditions.h; sourceTree = "<group>"; };
		659D61A016AE1EAC00E43C2A /* CocoaAdditions.m */ = {isa = PBXFileReference; fileEncoding = 4; lastKnownFileType = sourcecode.c.objc; path = CocoaAdditions.m; sourceTree = "<group>"; };
		659D61A116AE1EAC00E43C2A /* Debug.h */ = {isa = PBXFileReference; fileEncoding = 4; lastKnownFileType = sourcecode.c.h; path = Debug.h; sourceTree = "<group>"; };
		659D61A216AE1EAC00E43C2A /* Debug.m */ = {isa = PBXFileReference; fileEncoding = 4; lastKnownFileType = sourcecode.c.objc; path = Debug.m; sourceTree = "<group>"; };
		659D61A316AE1EAC00E43C2A /* jni_md.h */ = {isa = PBXFileReference; fileEncoding = 4; lastKnownFileType = sourcecode.c.h; path = jni_md.h; sourceTree = "<group>"; };
		659D61A616AE1EAC00E43C2A /* MPlayerVideoRenderer.h */ = {isa = PBXFileReference; fileEncoding = 4; lastKnownFileType = sourcecode.c.h; path = MPlayerVideoRenderer.h; sourceTree = "<group>"; };
		659D61A716AE1EAC00E43C2A /* MPlayerVideoRenderer.m */ = {isa = PBXFileReference; fileEncoding = 4; lastKnownFileType = sourcecode.c.objc; path = MPlayerVideoRenderer.m; sourceTree = "<group>"; };
		659D61A916AE1EAC00E43C2A /* PlayerFullscreenWindow.h */ = {isa = PBXFileReference; fileEncoding = 4; lastKnownFileType = sourcecode.c.h; path = PlayerFullscreenWindow.h; sourceTree = "<group>"; };
		659D61AA16AE1EAC00E43C2A /* PlayerFullscreenWindow.m */ = {isa = PBXFileReference; fileEncoding = 4; lastKnownFileType = sourcecode.c.objc; path = PlayerFullscreenWindow.m; sourceTree = "<group>"; };
		659D61B616AE21F600E43C2A /* OpenGL.framework */ = {isa = PBXFileReference; lastKnownFileType = wrapper.framework; name = OpenGL.framework; path = System/Library/Frameworks/OpenGL.framework; sourceTree = SDKROOT; };
		659D61B816AE220E00E43C2A /* CoreVideo.framework */ = {isa = PBXFileReference; lastKnownFileType = wrapper.framework; name = CoreVideo.framework; path = System/Library/Frameworks/CoreVideo.framework; sourceTree = SDKROOT; };
		659D61C216B07C2900E43C2A /* Carbon.framework */ = {isa = PBXFileReference; lastKnownFileType = wrapper.framework; name = Carbon.framework; path = System/Library/Frameworks/Carbon.framework; sourceTree = SDKROOT; };
		659D61D016B099AF00E43C2A /* OwnerWrapper.h */ = {isa = PBXFileReference; fileEncoding = 4; lastKnownFileType = sourcecode.c.h; path = OwnerWrapper.h; sourceTree = "<group>"; };
		659D61D116B099AF00E43C2A /* OwnerWrapper.m */ = {isa = PBXFileReference; fileEncoding = 4; lastKnownFileType = sourcecode.c.objc; path = OwnerWrapper.m; sourceTree = "<group>"; };
/* End PBXFileReference section */

/* Begin PBXFrameworksBuildPhase section */
		659D616E16ADEB4B00E43C2A /* Frameworks */ = {
			isa = PBXFrameworksBuildPhase;
			buildActionMask = 2147483647;
			files = (
				659D61C316B07C2900E43C2A /* Carbon.framework in Frameworks */,
				659D61B916AE220F00E43C2A /* CoreVideo.framework in Frameworks */,
				659D61B716AE21F600E43C2A /* OpenGL.framework in Frameworks */,
				659D617516ADEB4B00E43C2A /* Cocoa.framework in Frameworks */,
			);
			runOnlyForDeploymentPostprocessing = 0;
		};
/* End PBXFrameworksBuildPhase section */

/* Begin PBXGroup section */
		659D616616ADEB4B00E43C2A = {
			isa = PBXGroup;
			children = (
				659D617A16ADEB4B00E43C2A /* JMPlayer */,
				659D617316ADEB4B00E43C2A /* Frameworks */,
				659D617216ADEB4B00E43C2A /* Products */,
			);
			sourceTree = "<group>";
		};
		659D617216ADEB4B00E43C2A /* Products */ = {
			isa = PBXGroup;
			children = (
				659D617116ADEB4B00E43C2A /* libJMPlayer.dylib */,
			);
			name = Products;
			sourceTree = "<group>";
		};
		659D617316ADEB4B00E43C2A /* Frameworks */ = {
			isa = PBXGroup;
			children = (
				659D61B816AE220E00E43C2A /* CoreVideo.framework */,
				659D61B616AE21F600E43C2A /* OpenGL.framework */,
				659D617416ADEB4B00E43C2A /* Cocoa.framework */,
				659D61C216B07C2900E43C2A /* Carbon.framework */,
				659D617616ADEB4B00E43C2A /* Other Frameworks */,
			);
			name = Frameworks;
			sourceTree = "<group>";
		};
		659D617616ADEB4B00E43C2A /* Other Frameworks */ = {
			isa = PBXGroup;
			children = (
				659D617716ADEB4B00E43C2A /* AppKit.framework */,
				659D617816ADEB4B00E43C2A /* CoreData.framework */,
				659D617916ADEB4B00E43C2A /* Foundation.framework */,
			);
			name = "Other Frameworks";
			sourceTree = "<group>";
		};
		659D617A16ADEB4B00E43C2A /* JMPlayer */ = {
			isa = PBXGroup;
			children = (
				659D61A316AE1EAC00E43C2A /* jni_md.h */,
				659D618516ADF2C900E43C2A /* jni.h */,
				659D619F16AE1EAC00E43C2A /* CocoaAdditions.h */,
				659D61A016AE1EAC00E43C2A /* CocoaAdditions.m */,
				659D61A116AE1EAC00E43C2A /* Debug.h */,
				659D61A216AE1EAC00E43C2A /* Debug.m */,
				659D61A616AE1EAC00E43C2A /* MPlayerVideoRenderer.h */,
				659D61A716AE1EAC00E43C2A /* MPlayerVideoRenderer.m */,
				659D61D016B099AF00E43C2A /* OwnerWrapper.h */,
				659D61D116B099AF00E43C2A /* OwnerWrapper.m */,
				659D617D16ADEB4B00E43C2A /* JMPlayer.h */,
				659D617E16ADEB4B00E43C2A /* JMPlayer.m */,
				659D61A816AE1EAC00E43C2A /* player */,
				659D618C16AE1E8F00E43C2A /* fullscreen */,
			);
			path = JMPlayer;
			sourceTree = "<group>";
		};
		659D618C16AE1E8F00E43C2A /* fullscreen */ = {
			isa = PBXGroup;
			children = (
				659D618D16AE1E8F00E43C2A /* FullscreenControls.h */,
				659D618E16AE1E8F00E43C2A /* FullscreenControls.m */,
				659D618F16AE1E8F00E43C2A /* ProgressSlider.h */,
				659D619016AE1E8F00E43C2A /* ProgressSlider.m */,
				659D619116AE1E8F00E43C2A /* Protocols.h */,
				659D619216AE1E8F00E43C2A /* StartEndSliderCell.h */,
				659D619316AE1E8F00E43C2A /* StartEndSliderCell.m */,
				659D619416AE1E8F00E43C2A /* VolumeSlider.h */,
				659D619516AE1E8F00E43C2A /* VolumeSlider.m */,
			);
			path = fullscreen;
			sourceTree = "<group>";
		};
		659D61A816AE1EAC00E43C2A /* player */ = {
			isa = PBXGroup;
			children = (
				659D61A916AE1EAC00E43C2A /* PlayerFullscreenWindow.h */,
				659D61AA16AE1EAC00E43C2A /* PlayerFullscreenWindow.m */,
			);
			path = player;
			sourceTree = "<group>";
		};
/* End PBXGroup section */

/* Begin PBXHeadersBuildPhase section */
		659D616F16ADEB4B00E43C2A /* Headers */ = {
			isa = PBXHeadersBuildPhase;
			buildActionMask = 2147483647;
			files = (
				659D618616ADF2C900E43C2A /* jni.h in Headers */,
				659D619616AE1E8F00E43C2A /* FullscreenControls.h in Headers */,
				659D619816AE1E8F00E43C2A /* ProgressSlider.h in Headers */,
				659D619A16AE1E8F00E43C2A /* Protocols.h in Headers */,
				659D619B16AE1E8F00E43C2A /* StartEndSliderCell.h in Headers */,
				659D619D16AE1E8F00E43C2A /* VolumeSlider.h in Headers */,
				659D61AB16AE1EAC00E43C2A /* CocoaAdditions.h in Headers */,
				659D61AD16AE1EAC00E43C2A /* Debug.h in Headers */,
				659D61AF16AE1EAC00E43C2A /* jni_md.h in Headers */,
				659D61B216AE1EAC00E43C2A /* MPlayerVideoRenderer.h in Headers */,
				659D61B416AE1EAC00E43C2A /* PlayerFullscreenWindow.h in Headers */,
				659D61D216B099AF00E43C2A /* OwnerWrapper.h in Headers */,
			);
			runOnlyForDeploymentPostprocessing = 0;
		};
/* End PBXHeadersBuildPhase section */

/* Begin PBXNativeTarget section */
		659D617016ADEB4B00E43C2A /* JMPlayer */ = {
			isa = PBXNativeTarget;
			buildConfigurationList = 659D618216ADEB4B00E43C2A /* Build configuration list for PBXNativeTarget "JMPlayer" */;
			buildPhases = (
				659D616D16ADEB4B00E43C2A /* Sources */,
				659D616E16ADEB4B00E43C2A /* Frameworks */,
				659D616F16ADEB4B00E43C2A /* Headers */,
			);
			buildRules = (
			);
			dependencies = (
			);
			name = JMPlayer;
			productName = JMPlayer;
			productReference = 659D617116ADEB4B00E43C2A /* libJMPlayer.dylib */;
			productType = "com.apple.product-type.library.dynamic";
		};
/* End PBXNativeTarget section */

/* Begin PBXProject section */
		659D616816ADEB4B00E43C2A /* Project object */ = {
			isa = PBXProject;
			attributes = {
				LastUpgradeCheck = 1030;
			};
			buildConfigurationList = 659D616B16ADEB4B00E43C2A /* Build configuration list for PBXProject "JMPlayer" */;
			compatibilityVersion = "Xcode 3.2";
			developmentRegion = en;
			hasScannedForEncodings = 0;
			knownRegions = (
				en,
				Base,
			);
			mainGroup = 659D616616ADEB4B00E43C2A;
			productRefGroup = 659D617216ADEB4B00E43C2A /* Products */;
			projectDirPath = "";
			projectRoot = "";
			targets = (
				659D617016ADEB4B00E43C2A /* JMPlayer */,
			);
		};
/* End PBXProject section */

/* Begin PBXSourcesBuildPhase section */
		659D616D16ADEB4B00E43C2A /* Sources */ = {
			isa = PBXSourcesBuildPhase;
			buildActionMask = 2147483647;
			files = (
				659D617F16ADEB4B00E43C2A /* JMPlayer.m in Sources */,
				659D619716AE1E8F00E43C2A /* FullscreenControls.m in Sources */,
				659D619916AE1E8F00E43C2A /* ProgressSlider.m in Sources */,
				659D619C16AE1E8F00E43C2A /* StartEndSliderCell.m in Sources */,
				659D619E16AE1E8F00E43C2A /* VolumeSlider.m in Sources */,
				659D61AC16AE1EAC00E43C2A /* CocoaAdditions.m in Sources */,
				659D61AE16AE1EAC00E43C2A /* Debug.m in Sources */,
				659D61B316AE1EAC00E43C2A /* MPlayerVideoRenderer.m in Sources */,
				659D61B516AE1EAC00E43C2A /* PlayerFullscreenWindow.m in Sources */,
				659D61D316B099AF00E43C2A /* OwnerWrapper.m in Sources */,
			);
			runOnlyForDeploymentPostprocessing = 0;
		};
/* End PBXSourcesBuildPhase section */

/* Begin XCBuildConfiguration section */
		659D618016ADEB4B00E43C2A /* Debug */ = {
			isa = XCBuildConfiguration;
			buildSettings = {
				ALWAYS_SEARCH_USER_PATHS = NO;
				CLANG_ANALYZER_LOCALIZABILITY_NONLOCALIZED = YES;
				CLANG_CXX_LANGUAGE_STANDARD = "gnu++0x";
				CLANG_CXX_LIBRARY = "libc++";
				CLANG_WARN_BLOCK_CAPTURE_AUTORELEASING = YES;
				CLANG_WARN_BOOL_CONVERSION = YES;
				CLANG_WARN_COMMA = YES;
				CLANG_WARN_CONSTANT_CONVERSION = YES;
				CLANG_WARN_DEPRECATED_OBJC_IMPLEMENTATIONS = YES;
				CLANG_WARN_EMPTY_BODY = YES;
				CLANG_WARN_ENUM_CONVERSION = YES;
				CLANG_WARN_INFINITE_RECURSION = YES;
				CLANG_WARN_INT_CONVERSION = YES;
				CLANG_WARN_NON_LITERAL_NULL_CONVERSION = YES;
				CLANG_WARN_OBJC_IMPLICIT_RETAIN_SELF = YES;
				CLANG_WARN_OBJC_LITERAL_CONVERSION = YES;
				CLANG_WARN_RANGE_LOOP_ANALYSIS = YES;
				CLANG_WARN_STRICT_PROTOTYPES = YES;
				CLANG_WARN_SUSPICIOUS_MOVE = YES;
				CLANG_WARN_UNREACHABLE_CODE = YES;
				CLANG_WARN__DUPLICATE_METHOD_MATCH = YES;
				COPY_PHASE_STRIP = NO;
				ENABLE_STRICT_OBJC_MSGSEND = YES;
				ENABLE_TESTABILITY = YES;
				GCC_C_LANGUAGE_STANDARD = gnu99;
				GCC_DYNAMIC_NO_PIC = NO;
				GCC_ENABLE_OBJC_EXCEPTIONS = YES;
				GCC_NO_COMMON_BLOCKS = YES;
				GCC_OPTIMIZATION_LEVEL = 0;
				GCC_PREPROCESSOR_DEFINITIONS = (
					"DEBUG=1",
					"$(inherited)",
				);
				GCC_SYMBOLS_PRIVATE_EXTERN = NO;
				GCC_WARN_64_TO_32_BIT_CONVERSION = YES;
				GCC_WARN_ABOUT_RETURN_TYPE = YES;
				GCC_WARN_UNDECLARED_SELECTOR = YES;
				GCC_WARN_UNINITIALIZED_AUTOS = YES;
				GCC_WARN_UNUSED_FUNCTION = YES;
				GCC_WARN_UNUSED_VARIABLE = YES;
				MACOSX_DEPLOYMENT_TARGET = 10.11;
				ONLY_ACTIVE_ARCH = YES;
				SDKROOT = macosx;
				VALID_ARCHS = x86_64;
			};
			name = Debug;
		};
		659D618116ADEB4B00E43C2A /* Release */ = {
			isa = XCBuildConfiguration;
			buildSettings = {
				ALWAYS_SEARCH_USER_PATHS = NO;
				CLANG_ANALYZER_LOCALIZABILITY_NONLOCALIZED = YES;
				CLANG_CXX_LANGUAGE_STANDARD = "gnu++0x";
				CLANG_CXX_LIBRARY = "libc++";
				CLANG_WARN_BLOCK_CAPTURE_AUTORELEASING = YES;
				CLANG_WARN_BOOL_CONVERSION = YES;
				CLANG_WARN_COMMA = YES;
				CLANG_WARN_CONSTANT_CONVERSION = YES;
				CLANG_WARN_DEPRECATED_OBJC_IMPLEMENTATIONS = YES;
				CLANG_WARN_EMPTY_BODY = YES;
				CLANG_WARN_ENUM_CONVERSION = YES;
				CLANG_WARN_INFINITE_RECURSION = YES;
				CLANG_WARN_INT_CONVERSION = YES;
				CLANG_WARN_NON_LITERAL_NULL_CONVERSION = YES;
				CLANG_WARN_OBJC_IMPLICIT_RETAIN_SELF = YES;
				CLANG_WARN_OBJC_LITERAL_CONVERSION = YES;
				CLANG_WARN_RANGE_LOOP_ANALYSIS = YES;
				CLANG_WARN_STRICT_PROTOTYPES = YES;
				CLANG_WARN_SUSPICIOUS_MOVE = YES;
				CLANG_WARN_UNREACHABLE_CODE = YES;
				CLANG_WARN__DUPLICATE_METHOD_MATCH = YES;
				COPY_PHASE_STRIP = YES;
				DEBUG_INFORMATION_FORMAT = "dwarf-with-dsym";
				ENABLE_STRICT_OBJC_MSGSEND = YES;
				GCC_C_LANGUAGE_STANDARD = gnu99;
				GCC_ENABLE_OBJC_EXCEPTIONS = YES;
				GCC_NO_COMMON_BLOCKS = YES;
				GCC_WARN_64_TO_32_BIT_CONVERSION = YES;
				GCC_WARN_ABOUT_RETURN_TYPE = YES;
				GCC_WARN_UNDECLARED_SELECTOR = YES;
				GCC_WARN_UNINITIALIZED_AUTOS = YES;
				GCC_WARN_UNUSED_FUNCTION = YES;
				GCC_WARN_UNUSED_VARIABLE = YES;
				MACOSX_DEPLOYMENT_TARGET = 10.11;
				SDKROOT = macosx;
				VALID_ARCHS = x86_64;
			};
			name = Release;
		};
		659D618316ADEB4B00E43C2A /* Debug */ = {
			isa = XCBuildConfiguration;
			buildSettings = {
				CLANG_ENABLE_OBJC_WEAK = YES;
				DYLIB_COMPATIBILITY_VERSION = 1;
				DYLIB_CURRENT_VERSION = 1;
				GCC_PRECOMPILE_PREFIX_HEADER = NO;
				GCC_PREFIX_HEADER = "";
				HEADER_SEARCH_PATHS = "";
				MACOSX_DEPLOYMENT_TARGET = 10.11;
				PRODUCT_NAME = "lib$(TARGET_NAME)";
				VALID_ARCHS = x86_64;
			};
			name = Debug;
		};
		659D618416ADEB4B00E43C2A /* Release */ = {
			isa = XCBuildConfiguration;
			buildSettings = {
				CLANG_ENABLE_OBJC_WEAK = YES;
				DYLIB_COMPATIBILITY_VERSION = 1;
				DYLIB_CURRENT_VERSION = 1;
				GCC_PRECOMPILE_PREFIX_HEADER = NO;
				GCC_PREFIX_HEADER = "";
				HEADER_SEARCH_PATHS = "";
				MACOSX_DEPLOYMENT_TARGET = 10.11;
				PRODUCT_NAME = "lib$(TARGET_NAME)";
				VALID_ARCHS = x86_64;
			};
			name = Release;
		};
/* End XCBuildConfiguration section */

/* Begin XCConfigurationList section */
		659D616B16ADEB4B00E43C2A /* Build configuration list for PBXProject "JMPlayer" */ = {
			isa = XCConfigurationList;
			buildConfigurations = (
				659D618016ADEB4B00E43C2A /* Debug */,
				659D618116ADEB4B00E43C2A /* Release */,
			);
			defaultConfigurationIsVisible = 0;
			defaultConfigurationName = Release;
		};
		659D618216ADEB4B00E43C2A /* Build configuration list for PBXNativeTarget "JMPlayer" */ = {
			isa = XCConfigurationList;
			buildConfigurations = (
				659D618316ADEB4B00E43C2A /* Debug */,
				659D618416ADEB4B00E43C2A /* Release */,
			);
			defaultConfigurationIsVisible = 0;
			defaultConfigurationName = Release;
		};
/* End XCConfigurationList section */
	};
	rootObject = 659D616816ADEB4B00E43C2A /* Project object */;
}
